# Generated by pub
# See https://dart.dev/tools/pub/glossary#lockfile
packages:
  alien_signals:
    dependency: "direct dev"
    description:
      name: alien_signals
      sha256: "11da8f76e05677d05191f2ee53b747045a946d153262f19b6ed69874876dd937"
      url: "https://pub.dev"
    source: hosted
    version: "0.2.2"
  basic_interfaces:
    dependency: transitive
    description:
      name: basic_interfaces
      sha256: c37c8c4ddbc594430eb3817a4edfcc9a0cadbc7ea4c51a5b48785e351f1ba479
      url: "https://pub.dev"
    source: hosted
    version: "1.0.4"
  collection:
    dependency: transitive
    description:
      name: collection
      sha256: "2f5709ae4d3d59dd8f7cd309b4e023046b57d8a6c82130785d2b0e5868084e76"
      url: "https://pub.dev"
    source: hosted
    version: "1.19.1"
  lints:
    dependency: "direct dev"
    description:
      name: lints
      sha256: "4a16b3f03741e1252fda5de3ce712666d010ba2122f8e912c94f9f7b90e1a4c3"
      url: "https://pub.dev"
    source: hosted
    version: "5.1.0"
  meta:
    dependency: transitive
    description:
      name: meta
      sha256: e3641ec5d63ebf0d9b41bd43201a66e3fc79a65db5f61fc181f04cd27aab950c
      url: "https://pub.dev"
    source: hosted
    version: "1.16.0"
  mobx:
    dependency: "direct dev"
    description:
      name: mobx
      sha256: bf1a90e5bcfd2851fc6984e20eef69557c65d9e4d0a88f5be4cf72c9819ce6b0
      url: "https://pub.dev"
    source: hosted
    version: "2.5.0"
  preact_signals:
    dependency: "direct dev"
    description:
      name: preact_signals
      sha256: a5b445796a02244b85fa43d79a7030fbfbbb08f7c48277ee93c636140a8fb2e0
      url: "https://pub.dev"
    source: hosted
    version: "1.8.3"
  signals_core:
    dependency: "direct dev"
    description:
      name: signals_core
      sha256: "5668ff1fb953fe48c88b03d50d43c5fe128cd7c831b932a4157f5f6be868b80f"
      url: "https://pub.dev"
    source: hosted
    version: "6.0.2"
  solidart:
    dependency: "direct dev"
    description:
      name: solidart
      sha256: "51eca7c4bbfa8218982a2ecd8f4d055698e3c72b8a1b69628da2ea4d3d7910f7"
      url: "https://pub.dev"
    source: hosted
    version: "2.0.0-dev.5"
  state_beacon_core:
    dependency: "direct dev"
    description:
      name: state_beacon_core
      sha256: c109a5fee4b93f1cf2fcb2e6ea9c74285654e3e8799eb6e33c69581807214f94
      url: "https://pub.dev"
    source: hosted
    version: "1.0.0"
sdks:
  dart: ">=3.6.0 <4.0.0"
